# This file is generated by running "yarn install" inside your project.
# Manual changes might be lost - proceed with caution!

__metadata:
  version: 4
  cacheKey: 7

"@types/jszip@npm:^3.4.1":
  version: 3.4.1
  resolution: "@types/jszip@npm:3.4.1"
  dependencies:
    jszip: "*"
  checksum: 0406e7d49e027af22603f4ed0ff6f1f3010cc1bf084889af7de51a749f2c42d8c08c0715e53003a16198e28a692ca7aee78c8bba92269a83fd8ef52d9cf005a8
  languageName: node
  linkType: hard

"@types/node@npm:^18.0.0":
  version: 18.0.0
  resolution: "@types/node@npm:18.0.0"
  checksum: e531a12807700374d015a41884d489c306f0242785addb483980ebdfbc7c29f28ed51d670265f2882c798b0e7bbc0c1a172e9b9d41d527d5a735136ea3fd348d
  languageName: node
  linkType: hard

"core-util-is@npm:~1.0.0":
  version: 1.0.3
  resolution: "core-util-is@npm:1.0.3"
  checksum: 19a443100f5ff5a16d286c876826edcec713512fcb823b4d817bf8187e711568393ed0ef771dfcaa95a998450b9c055ae3fd4590ad399a6b6153af8ee9b9330f
  languageName: node
  linkType: hard

"immediate@npm:~3.0.5":
  version: 3.0.6
  resolution: "immediate@npm:3.0.6"
  checksum: e86d4d20e2da86f9a4629d9aee9d56dfae7d3a7ace7f569b0538f2ec2570d86b3cbdc52c546d23be2cfd28306670f44676fc833cd96d9506659b8c5ab8202ca4
  languageName: node
  linkType: hard

"inherits@npm:~2.0.3":
  version: 2.0.4
  resolution: "inherits@npm:2.0.4"
  checksum: 98426da247ddfc3dcd7d7daedd90c3ca32d5b08deca08949726f12d49232aef94772a07b36cf4ff833e105ae2ef931777f6de4a6dd8245a216b9299ad4a50bea
  languageName: node
  linkType: hard

"isarray@npm:~1.0.0":
  version: 1.0.0
  resolution: "isarray@npm:1.0.0"
  checksum: b0ff31a290e783f7b3fb73f2951ee7fc2946dc197b05f73577dc77f87dc3be2e0f66007bedf069123d4e5c4b691e7c89a241f6ca06f0c0f4765cdac5aa4b4047
  languageName: node
  linkType: hard

"jszip@npm:*, jszip@npm:^3.10.0":
  version: 3.10.0
  resolution: "jszip@npm:3.10.0"
  dependencies:
    lie: ~3.3.0
    pako: ~1.0.2
    readable-stream: ~2.3.6
    setimmediate: ^1.0.5
  checksum: b475b6781492b3d7df995f657896dfa6f64322921a6cb19fd774dcc231b5d03a70cceab65f76b3eca4bca834bcc7b8847325ed93f0cdb2c76e2176d914097358
  languageName: node
  linkType: hard

"lie@npm:~3.3.0":
  version: 3.3.0
  resolution: "lie@npm:3.3.0"
  dependencies:
    immediate: ~3.0.5
  checksum: 6c758fbea382ca251d8f6f32b4066b4c57b4c5d574babc7c6abf7bd20e522a54bcd364dd95d6695103b189a005fcaf9e55d7c58a6c243d4ebdd0cc803898c8bd
  languageName: node
  linkType: hard

"mc-tnh-pack@workspace:.":
  version: 0.0.0-use.local
  resolution: "mc-tnh-pack@workspace:."
  dependencies:
    "@types/jszip": ^3.4.1
    "@types/node": ^18.0.0
    jszip: ^3.10.0
  languageName: unknown
  linkType: soft

"pako@npm:~1.0.2":
  version: 1.0.11
  resolution: "pako@npm:1.0.11"
  checksum: 71c60150b68220ec52a404f3c39a4ed38f750e42452b88fe0eb2e6b5c98e91f73f706444359b097aca1e6db83ef8fef50b5a9ec100e30a606cda6da8d45e5439
  languageName: node
  linkType: hard

"process-nextick-args@npm:~2.0.0":
  version: 2.0.1
  resolution: "process-nextick-args@npm:2.0.1"
  checksum: ddeb0f07d0d5efa649c2c5e39d1afd0e3668df2b392d036c8a508b0034f7beffbc474b3c2f7fd3fed2dc4113cef8f1f7e00d05690df3c611b36f6c7efd7852d1
  languageName: node
  linkType: hard

"readable-stream@npm:~2.3.6":
  version: 2.3.7
  resolution: "readable-stream@npm:2.3.7"
  dependencies:
    core-util-is: ~1.0.0
    inherits: ~2.0.3
    isarray: ~1.0.0
    process-nextick-args: ~2.0.0
    safe-buffer: ~5.1.1
    string_decoder: ~1.1.1
    util-deprecate: ~1.0.1
  checksum: 6e3826560627a751feb3a8aec073ef94c6e47b8c8e06eb5d136323b5f09db9d2077c23a42a8d54ed0123695af54b36c1e4271a8ec55112b15f4b89020d8dec72
  languageName: node
  linkType: hard

"safe-buffer@npm:~5.1.0, safe-buffer@npm:~5.1.1":
  version: 5.1.2
  resolution: "safe-buffer@npm:5.1.2"
  checksum: 2708587c1b5e70a5e420714ceb59f30f5791c6e831d39812125a008eca63a4ac18578abd020a0776ea497ff03b4543f2b2a223a7b9073bf2d6c7af9ec6829218
  languageName: node
  linkType: hard

"setimmediate@npm:^1.0.5":
  version: 1.0.5
  resolution: "setimmediate@npm:1.0.5"
  checksum: 87884d8add4779fe47ccf763396a5bf875640ae34d80a10802da4de5c25d87647c12f6e7748fd5b8c143b57201caf2a5a781631456c228825f166ca305c12f20
  languageName: node
  linkType: hard

"string_decoder@npm:~1.1.1":
  version: 1.1.1
  resolution: "string_decoder@npm:1.1.1"
  dependencies:
    safe-buffer: ~5.1.0
  checksum: bc2dc169d83df1b9e94defe7716bcad8a19ffe8211b029581cb0c6f9e83a6a7ba9ec3be38d179708a8643c692868a2b8b004ab159555dc26089ad3fa7b2158f5
  languageName: node
  linkType: hard

"util-deprecate@npm:~1.0.1":
  version: 1.0.2
  resolution: "util-deprecate@npm:1.0.2"
  checksum: 73c2b1cf0210ccac300645384d8443cabbd93194117b2dc1b3bae8d8279ad39aedac857e020c4ea505e96a1045059c7359db3df6a9df0be6b8584166c9d61dc9
  languageName: node
  linkType: hard
